
Microsoft Visual Studio Solution File, Format Version 12.00
# Visual Studio Version 17
VisualStudioVersion = 17.5.33414.496
MinimumVisualStudioVersion = 10.0.40219.1
Project("{FAE04EC0-301F-11D3-BF4B-00C04F79EFBC}") = "Sukoban", "Sukoban\Sukoban.csproj", "{7D9A7CB0-ABFE-4DE8-87BB-0714769A3B94}"
EndProject
Global
	GlobalSection(SolutionConfigurationPlatforms) = preSolution
		Debug|Any CPU = Debug|Any CPU
		Release|Any CPU = Release|Any CPU
	EndGlobalSection
	GlobalSection(ProjectConfigurationPlatforms) = postSolution
		{7D9A7CB0-ABFE-4DE8-87BB-0714769A3B94}.Debug|Any CPU.ActiveCfg = Debug|Any CPU
		{7D9A7CB0-ABFE-4DE8-87BB-0714769A3B94}.Debug|Any CPU.Build.0 = Debug|Any CPU
		{7D9A7CB0-ABFE-4DE8-87BB-0714769A3B94}.Release|Any CPU.ActiveCfg = Release|Any CPU
		{7D9A7CB0-ABFE-4DE8-87BB-0714769A3B94}.Release|Any CPU.Build.0 = Release|Any CPU
	EndGlobalSection
	GlobalSection(SolutionProperties) = preSolution
		HideSolutionNode = FALSE
	EndGlobalSection
	GlobalSection(ExtensibilityGlobals) = postSolution
		SolutionGuid = {027F3ACA-F969-4D67-938D-488B2E147BAA}
	EndGlobalSection
EndGlobal
